
Microsoft Visual Studio Solution File, Format Version 12.00
# Visual Studio Version 16
VisualStudioVersion = 16.0.34301.259
MinimumVisualStudioVersion = 10.0.40219.1
Project("{FAE04EC0-301F-11D3-BF4B-00C04F79EFBC}") = "KIT206_RAP", "WpfApp1\KIT206_RAP.csproj", "{AB24F56B-F0F0-4C7A-895F-FE69B7FF4073}"
EndProject
Global
	GlobalSection(SolutionConfigurationPlatforms) = preSolution
		Debug|Any CPU = Debug|Any CPU
		Release|Any CPU = Release|Any CPU
	EndGlobalSection
	GlobalSection(ProjectConfigurationPlatforms) = postSolution
		{AB24F56B-F0F0-4C7A-895F-FE69B7FF4073}.Debug|Any CPU.ActiveCfg = Debug|Any CPU
		{AB24F56B-F0F0-4C7A-895F-FE69B7FF4073}.Debug|Any CPU.Build.0 = Debug|Any CPU
		{AB24F56B-F0F0-4C7A-895F-FE69B7FF4073}.Release|Any CPU.ActiveCfg = Release|Any CPU
		{AB24F56B-F0F0-4C7A-895F-FE69B7FF4073}.Release|Any CPU.Build.0 = Release|Any CPU
	EndGlobalSection
	GlobalSection(SolutionProperties) = preSolution
		HideSolutionNode = FALSE
	EndGlobalSection
	GlobalSection(ExtensibilityGlobals) = postSolution
		SolutionGuid = {01B74AFA-6847-4BA4-999E-B452091C151E}
	EndGlobalSection
EndGlobal
